// !$*UTF8*$!
{
	archiveVersion = 1;
	classes = {
	};
	objectVersion = 46;
	objects = {

/* Begin PBXBuildFile section */
		B809171C1CBCF00F00A70D95 /* main.m in Sources */ = {isa = PBXBuildFile; fileRef = B809171B1CBCF00F00A70D95 /* main.m */; };
		B80917251CBCF00F00A70D95 /* Main.storyboard in Resources */ = {isa = PBXBuildFile; fileRef = B80917231CBCF00F00A70D95 /* Main.storyboard */; };
		B80917271CBCF00F00A70D95 /* Assets.xcassets in Resources */ = {isa = PBXBuildFile; fileRef = B80917261CBCF00F00A70D95 /* Assets.xcassets */; };
		B809172A1CBCF00F00A70D95 /* LaunchScreen.storyboard in Resources */ = {isa = PBXBuildFile; fileRef = B80917281CBCF00F00A70D95 /* LaunchScreen.storyboard */; };
		B80917351CBCF00F00A70D95 /* OW_StatusBarHUDExcenpleTests.m in Sources */ = {isa = PBXBuildFile; fileRef = B80917341CBCF00F00A70D95 /* OW_StatusBarHUDExcenpleTests.m */; };
		B80917401CBCF00F00A70D95 /* OW_StatusBarHUDExcenpleUITests.m in Sources */ = {isa = PBXBuildFile; fileRef = B809173F1CBCF00F00A70D95 /* OW_StatusBarHUDExcenpleUITests.m */; };
		B80917671CBCFD7600A70D95 /* OW_StatusBarHUD.bundle in Resources */ = {isa = PBXBuildFile; fileRef = B80917641CBCFD7600A70D95 /* OW_StatusBarHUD.bundle */; };
		B80917681CBCFD7600A70D95 /* OW_StatusBarHUD.m in Sources */ = {isa = PBXBuildFile; fileRef = B80917661CBCFD7600A70D95 /* OW_StatusBarHUD.m */; };
		B809176D1CBCFEA500A70D95 /* AppDelegate.m in Sources */ = {isa = PBXBuildFile; fileRef = B809176A1CBCFEA500A70D95 /* AppDelegate.m */; };
		B809176E1CBCFEA500A70D95 /* ViewController.m in Sources */ = {isa = PBXBuildFile; fileRef = B809176C1CBCFEA500A70D95 /* ViewController.m */; };
/* End PBXBuildFile section */

/* Begin PBXContainerItemProxy section */
		B80917311CBCF00F00A70D95 /* PBXContainerItemProxy */ = {
			isa = PBXContainerItemProxy;
			containerPortal = B809170F1CBCF00E00A70D95 /* Project object */;
			proxyType = 1;
			remoteGlobalIDString = B80917161CBCF00F00A70D95;
			remoteInfo = OW_StatusBarHUDExcenple;
		};
		B809173C1CBCF00F00A70D95 /* PBXContainerItemProxy */ = {
			isa = PBXContainerItemProxy;
			containerPortal = B809170F1CBCF00E00A70D95 /* Project object */;
			proxyType = 1;
			remoteGlobalIDString = B80917161CBCF00F00A70D95;
			remoteInfo = OW_StatusBarHUDExcenple;
		};
/* End PBXContainerItemProxy section */

/* Begin PBXFileReference section */
		B80917171CBCF00F00A70D95 /* OW_StatusBarHUDExcenple.app */ = {isa = PBXFileReference; explicitFileType = wrapper.application; includeInIndex = 0; path = OW_StatusBarHUDExcenple.app; sourceTree = BUILT_PRODUCTS_DIR; };
		B809171B1CBCF00F00A70D95 /* main.m */ = {isa = PBXFileReference; lastKnownFileType = sourcecode.c.objc; path = main.m; sourceTree = "<group>"; };
		B80917241CBCF00F00A70D95 /* Base */ = {isa = PBXFileReference; lastKnownFileType = file.storyboard; name = Base; path = Base.lproj/Main.storyboard; sourceTree = "<group>"; };
		B80917261CBCF00F00A70D95 /* Assets.xcassets */ = {isa = PBXFileReference; lastKnownFileType = folder.assetcatalog; path = Assets.xcassets; sourceTree = "<group>"; };
		B80917291CBCF00F00A70D95 /* Base */ = {isa = PBXFileReference; lastKnownFileType = file.storyboard; name = Base; path = Base.lproj/LaunchScreen.storyboard; sourceTree = "<group>"; };
		B809172B1CBCF00F00A70D95 /* Info.plist */ = {isa = PBXFileReference; lastKnownFileType = text.plist.xml; path = Info.plist; sourceTree = "<group>"; };
		B80917301CBCF00F00A70D95 /* OW_StatusBarHUDExcenpleTests.xctest */ = {isa = PBXFileReference; explicitFileType = wrapper.cfbundle; includeInIndex = 0; path = OW_StatusBarHUDExcenpleTests.xctest; sourceTree = BUILT_PRODUCTS_DIR; };
		B80917341CBCF00F00A70D95 /* OW_StatusBarHUDExcenpleTests.m */ = {isa = PBXFileReference; lastKnownFileType = sourcecode.c.objc; path = OW_StatusBarHUDExcenpleTests.m; sourceTree = "<group>"; };
		B80917361CBCF00F00A70D95 /* Info.plist */ = {isa = PBXFileReference; lastKnownFileType = text.plist.xml; path = Info.plist; sourceTree = "<group>"; };
		B809173B1CBCF00F00A70D95 /* OW_StatusBarHUDExcenpleUITests.xctest */ = {isa = PBXFileReference; explicitFileType = wrapper.cfbundle; includeInIndex = 0; path = OW_StatusBarHUDExcenpleUITests.xctest; sourceTree = BUILT_PRODUCTS_DIR; };
		B809173F1CBCF00F00A70D95 /* OW_StatusBarHUDExcenpleUITests.m */ = {isa = PBXFileReference; lastKnownFileType = sourcecode.c.objc; path = OW_StatusBarHUDExcenpleUITests.m; sourceTree = "<group>"; };
		B80917411CBCF00F00A70D95 /* Info.plist */ = {isa = PBXFileReference; lastKnownFileType = text.plist.xml; path = Info.plist; sourceTree = "<group>"; };
		B80917641CBCFD7600A70D95 /* OW_StatusBarHUD.bundle */ = {isa = PBXFileReference; lastKnownFileType = "wrapper.plug-in"; path = OW_StatusBarHUD.bundle; sourceTree = "<group>"; };
		B80917651CBCFD7600A70D95 /* OW_StatusBarHUD.h */ = {isa = PBXFileReference; fileEncoding = 4; lastKnownFileType = sourcecode.c.h; path = OW_StatusBarHUD.h; sourceTree = "<group>"; };
		B80917661CBCFD7600A70D95 /* OW_StatusBarHUD.m */ = {isa = PBXFileReference; fileEncoding = 4; lastKnownFileType = sourcecode.c.objc; path = OW_StatusBarHUD.m; sourceTree = "<group>"; };
		B80917691CBCFEA500A70D95 /* AppDelegate.h */ = {isa = PBXFileReference; fileEncoding = 4; lastKnownFileType = sourcecode.c.h; path = AppDelegate.h; sourceTree = "<group>"; };
		B809176A1CBCFEA500A70D95 /* AppDelegate.m */ = {isa = PBXFileReference; fileEncoding = 4; lastKnownFileType = sourcecode.c.objc; path = AppDelegate.m; sourceTree = "<group>"; };
		B809176B1CBCFEA500A70D95 /* ViewController.h */ = {isa = PBXFileReference; fileEncoding = 4; lastKnownFileType = sourcecode.c.h; path = ViewController.h; sourceTree = "<group>"; };
		B809176C1CBCFEA500A70D95 /* ViewController.m */ = {isa = PBXFileReference; fileEncoding = 4; lastKnownFileType = sourcecode.c.objc; path = ViewController.m; sourceTree = "<group>"; };
/* End PBXFileReference section */

/* Begin PBXFrameworksBuildPhase section */
		B80917141CBCF00F00A70D95 /* Frameworks */ = {
			isa = PBXFrameworksBuildPhase;
			buildActionMask = 2147483647;
			files = (
			);
			runOnlyForDeploymentPostprocessing = 0;
		};
		B809172D1CBCF00F00A70D95 /* Frameworks */ = {
			isa = PBXFrameworksBuildPhase;
			buildActionMask = 2147483647;
			files = (
			);
			runOnlyForDeploymentPostprocessing = 0;
		};
		B80917381CBCF00F00A70D95 /* Frameworks */ = {
			isa = PBXFrameworksBuildPhase;
			buildActionMask = 2147483647;
			files = (
			);
			runOnlyForDeploymentPostprocessing = 0;
		};
/* End PBXFrameworksBuildPhase section */

/* Begin PBXGroup section */
		B809170E1CBCF00E00A70D95 = {
			isa = PBXGroup;
			children = (
				B80917191CBCF00F00A70D95 /* OW_StatusBarHUDExcenple */,
				B80917331CBCF00F00A70D95 /* OW_StatusBarHUDExcenpleTests */,
				B809173E1CBCF00F00A70D95 /* OW_StatusBarHUDExcenpleUITests */,
				B80917181CBCF00F00A70D95 /* Products */,
			);
			sourceTree = "<group>";
		};
		B80917181CBCF00F00A70D95 /* Products */ = {
			isa = PBXGroup;
			children = (
				B80917171CBCF00F00A70D95 /* OW_StatusBarHUDExcenple.app */,
				B80917301CBCF00F00A70D95 /* OW_StatusBarHUDExcenpleTests.xctest */,
				B809173B1CBCF00F00A70D95 /* OW_StatusBarHUDExcenpleUITests.xctest */,
			);
			name = Products;
			sourceTree = "<group>";
		};
		B80917191CBCF00F00A70D95 /* OW_StatusBarHUDExcenple */ = {
			isa = PBXGroup;
			children = (
				B80917631CBCFD7600A70D95 /* OW_StatusBarHUD */,
				B809176F1CBCFEAC00A70D95 /* class */,
				B80917261CBCF00F00A70D95 /* Assets.xcassets */,
				B80917281CBCF00F00A70D95 /* LaunchScreen.storyboard */,
				B809172B1CBCF00F00A70D95 /* Info.plist */,
				B809171A1CBCF00F00A70D95 /* Supporting Files */,
			);
			path = OW_StatusBarHUDExcenple;
			sourceTree = "<group>";
		};
		B809171A1CBCF00F00A70D95 /* Supporting Files */ = {
			isa = PBXGroup;
			children = (
				B809171B1CBCF00F00A70D95 /* main.m */,
			);
			name = "Supporting Files";
			sourceTree = "<group>";
		};
		B80917331CBCF00F00A70D95 /* OW_StatusBarHUDExcenpleTests */ = {
			isa = PBXGroup;
			children = (
				B80917341CBCF00F00A70D95 /* OW_StatusBarHUDExcenpleTests.m */,
				B80917361CBCF00F00A70D95 /* Info.plist */,
			);
			path = OW_StatusBarHUDExcenpleTests;
			sourceTree = "<group>";
		};
		B809173E1CBCF00F00A70D95 /* OW_StatusBarHUDExcenpleUITests */ = {
			isa = PBXGroup;
			children = (
				B809173F1CBCF00F00A70D95 /* OW_StatusBarHUDExcenpleUITests.m */,
				B80917411CBCF00F00A70D95 /* Info.plist */,
			);
			path = OW_StatusBarHUDExcenpleUITests;
			sourceTree = "<group>";
		};
		B80917631CBCFD7600A70D95 /* OW_StatusBarHUD */ = {
			isa = PBXGroup;
			children = (
				B80917641CBCFD7600A70D95 /* OW_StatusBarHUD.bundle */,
				B80917651CBCFD7600A70D95 /* OW_StatusBarHUD.h */,
				B80917661CBCFD7600A70D95 /* OW_StatusBarHUD.m */,
			);
			path = OW_StatusBarHUD;
			sourceTree = SOURCE_ROOT;
		};
		B809176F1CBCFEAC00A70D95 /* class */ = {
			isa = PBXGroup;
			children = (
				B80917691CBCFEA500A70D95 /* AppDelegate.h */,
				B809176A1CBCFEA500A70D95 /* AppDelegate.m */,
				B809176B1CBCFEA500A70D95 /* ViewController.h */,
				B809176C1CBCFEA500A70D95 /* ViewController.m */,
				B80917231CBCF00F00A70D95 /* Main.storyboard */,
			);
			name = class;
			sourceTree = "<group>";
		};
/* End PBXGroup section */

/* Begin PBXNativeTarget section */
		B80917161CBCF00F00A70D95 /* OW_StatusBarHUDExcenple */ = {
			isa = PBXNativeTarget;
			buildConfigurationList = B80917441CBCF00F00A70D95 /* Build configuration list for PBXNativeTarget "OW_StatusBarHUDExcenple" */;
			buildPhases = (
				B80917131CBCF00F00A70D95 /* Sources */,
				B80917141CBCF00F00A70D95 /* Frameworks */,
				B80917151CBCF00F00A70D95 /* Resources */,
			);
			buildRules = (
			);
			dependencies = (
			);
			name = OW_StatusBarHUDExcenple;
			productName = OW_StatusBarHUDExcenple;
			productReference = B80917171CBCF00F00A70D95 /* OW_StatusBarHUDExcenple.app */;
			productType = "com.apple.product-type.application";
		};
		B809172F1CBCF00F00A70D95 /* OW_StatusBarHUDExcenpleTests */ = {
			isa = PBXNativeTarget;
			buildConfigurationList = B80917471CBCF00F00A70D95 /* Build configuration list for PBXNativeTarget "OW_StatusBarHUDExcenpleTests" */;
			buildPhases = (
				B809172C1CBCF00F00A70D95 /* Sources */,
				B809172D1CBCF00F00A70D95 /* Frameworks */,
				B809172E1CBCF00F00A70D95 /* Resources */,
			);
			buildRules = (
			);
			dependencies = (
				B80917321CBCF00F00A70D95 /* PBXTargetDependency */,
			);
			name = OW_StatusBarHUDExcenpleTests;
			productName = OW_StatusBarHUDExcenpleTests;
			productReference = B80917301CBCF00F00A70D95 /* OW_StatusBarHUDExcenpleTests.xctest */;
			productType = "com.apple.product-type.bundle.unit-test";
		};
		B809173A1CBCF00F00A70D95 /* OW_StatusBarHUDExcenpleUITests */ = {
			isa = PBXNativeTarget;
			buildConfigurationList = B809174A1CBCF00F00A70D95 /* Build configuration list for PBXNativeTarget "OW_StatusBarHUDExcenpleUITests" */;
			buildPhases = (
				B80917371CBCF00F00A70D95 /* Sources */,
				B80917381CBCF00F00A70D95 /* Frameworks */,
				B80917391CBCF00F00A70D95 /* Resources */,
			);
			buildRules = (
			);
			dependencies = (
				B809173D1CBCF00F00A70D95 /* PBXTargetDependency */,
			);
			name = OW_StatusBarHUDExcenpleUITests;
			productName = OW_StatusBarHUDExcenpleUITests;
			productReference = B809173B1CBCF00F00A70D95 /* OW_StatusBarHUDExcenpleUITests.xctest */;
			productType = "com.apple.product-type.bundle.ui-testing";
		};
/* End PBXNativeTarget section */

/* Begin PBXProject section */
		B809170F1CBCF00E00A70D95 /* Project object */ = {
			isa = PBXProject;
			attributes = {
				LastUpgradeCheck = 0730;
				ORGANIZATIONNAME = Old.Wang;
				TargetAttributes = {
					B80917161CBCF00F00A70D95 = {
						CreatedOnToolsVersion = 7.3;
					};
					B809172F1CBCF00F00A70D95 = {
						CreatedOnToolsVersion = 7.3;
						TestTargetID = B80917161CBCF00F00A70D95;
					};
					B809173A1CBCF00F00A70D95 = {
						CreatedOnToolsVersion = 7.3;
						TestTargetID = B80917161CBCF00F00A70D95;
					};
				};
			};
			buildConfigurationList = B80917121CBCF00E00A70D95 /* Build configuration list for PBXProject "OW_StatusBarHUDExcenple" */;
			compatibilityVersion = "Xcode 3.2";
			developmentRegion = English;
			hasScannedForEncodings = 0;
			knownRegions = (
				en,
				Base,
			);
			mainGroup = B809170E1CBCF00E00A70D95;
			productRefGroup = B80917181CBCF00F00A70D95 /* Products */;
			projectDirPath = "";
			projectRoot = "";
			targets = (
				B80917161CBCF00F00A70D95 /* OW_StatusBarHUDExcenple */,
				B809172F1CBCF00F00A70D95 /* OW_StatusBarHUDExcenpleTests */,
				B809173A1CBCF00F00A70D95 /* OW_StatusBarHUDExcenpleUITests */,
			);
		};
/* End PBXProject section */

/* Begin PBXResourcesBuildPhase section */
		B80917151CBCF00F00A70D95 /* Resources */ = {
			isa = PBXResourcesBuildPhase;
			buildActionMask = 2147483647;
			files = (
				B809172A1CBCF00F00A70D95 /* LaunchScreen.storyboard in Resources */,
				B80917671CBCFD7600A70D95 /* OW_StatusBarHUD.bundle in Resources */,
				B80917271CBCF00F00A70D95 /* Assets.xcassets in Resources */,
				B80917251CBCF00F00A70D95 /* Main.storyboard in Resources */,
			);
			runOnlyForDeploymentPostprocessing = 0;
		};
		B809172E1CBCF00F00A70D95 /* Resources */ = {
			isa = PBXResourcesBuildPhase;
			buildActionMask = 2147483647;
			files = (
			);
			runOnlyForDeploymentPostprocessing = 0;
		};
		B80917391CBCF00F00A70D95 /* Resources */ = {
			isa = PBXResourcesBuildPhase;
			buildActionMask = 2147483647;
			files = (
			);
			runOnlyForDeploymentPostprocessing = 0;
		};
/* End PBXResourcesBuildPhase section */

/* Begin PBXSourcesBuildPhase section */
		B80917131CBCF00F00A70D95 /* Sources */ = {
			isa = PBXSourcesBuildPhase;
			buildActionMask = 2147483647;
			files = (
				B809171C1CBCF00F00A70D95 /* main.m in Sources */,
				B80917681CBCFD7600A70D95 /* OW_StatusBarHUD.m in Sources */,
				B809176E1CBCFEA500A70D95 /* ViewController.m in Sources */,
				B809176D1CBCFEA500A70D95 /* AppDelegate.m in Sources */,
			);
			runOnlyForDeploymentPostprocessing = 0;
		};
		B809172C1CBCF00F00A70D95 /* Sources */ = {
			isa = PBXSourcesBuildPhase;
			buildActionMask = 2147483647;
			files = (
				B80917351CBCF00F00A70D95 /* OW_StatusBarHUDExcenpleTests.m in Sources */,
			);
			runOnlyForDeploymentPostprocessing = 0;
		};
		B80917371CBCF00F00A70D95 /* Sources */ = {
			isa = PBXSourcesBuildPhase;
			buildActionMask = 2147483647;
			files = (
				B80917401CBCF00F00A70D95 /* OW_StatusBarHUDExcenpleUITests.m in Sources */,
			);
			runOnlyForDeploymentPostprocessing = 0;
		};
/* End PBXSourcesBuildPhase section */

/* Begin PBXTargetDependency section */
		B80917321CBCF00F00A70D95 /* PBXTargetDependency */ = {
			isa = PBXTargetDependency;
			target = B80917161CBCF00F00A70D95 /* OW_StatusBarHUDExcenple */;
			targetProxy = B80917311CBCF00F00A70D95 /* PBXContainerItemProxy */;
		};
		B809173D1CBCF00F00A70D95 /* PBXTargetDependency */ = {
			isa = PBXTargetDependency;
			target = B80917161CBCF00F00A70D95 /* OW_StatusBarHUDExcenple */;
			targetProxy = B809173C1CBCF00F00A70D95 /* PBXContainerItemProxy */;
		};
/* End PBXTargetDependency section */

/* Begin PBXVariantGroup section */
		B80917231CBCF00F00A70D95 /* Main.storyboard */ = {
			isa = PBXVariantGroup;
			children = (
				B80917241CBCF00F00A70D95 /* Base */,
			);
			name = Main.storyboard;
			sourceTree = "<group>";
		};
		B80917281CBCF00F00A70D95 /* LaunchScreen.storyboard */ = {
			isa = PBXVariantGroup;
			children = (
				B80917291CBCF00F00A70D95 /* Base */,
			);
			name = LaunchScreen.storyboard;
			sourceTree = "<group>";
		};
/* End PBXVariantGroup section */

/* Begin XCBuildConfiguration section */
		B80917421CBCF00F00A70D95 /* Debug */ = {
			isa = XCBuildConfiguration;
			buildSettings = {
				ALWAYS_SEARCH_USER_PATHS = NO;
				CLANG_ANALYZER_NONNULL = YES;
				CLANG_CXX_LANGUAGE_STANDARD = "gnu++0x";
				CLANG_CXX_LIBRARY = "libc++";
				CLANG_ENABLE_MODULES = YES;
				CLANG_ENABLE_OBJC_ARC = YES;
				CLANG_WARN_BOOL_CONVERSION = YES;
				CLANG_WARN_CONSTANT_CONVERSION = YES;
				CLANG_WARN_DIRECT_OBJC_ISA_USAGE = YES_ERROR;
				CLANG_WARN_EMPTY_BODY = YES;
				CLANG_WARN_ENUM_CONVERSION = YES;
				CLANG_WARN_INT_CONVERSION = YES;
				CLANG_WARN_OBJC_ROOT_CLASS = YES_ERROR;
				CLANG_WARN_UNREACHABLE_CODE = YES;
				CLANG_WARN__DUPLICATE_METHOD_MATCH = YES;
				"CODE_SIGN_IDENTITY[sdk=iphoneos*]" = "iPhone Developer";
				COPY_PHASE_STRIP = NO;
				DEBUG_INFORMATION_FORMAT = dwarf;
				ENABLE_STRICT_OBJC_MSGSEND = YES;
				ENABLE_TESTABILITY = YES;
				GCC_C_LANGUAGE_STANDARD = gnu99;
				GCC_DYNAMIC_NO_PIC = NO;
				GCC_NO_COMMON_BLOCKS = YES;
				GCC_OPTIMIZATION_LEVEL = 0;
				GCC_PREPROCESSOR_DEFINITIONS = (
					"DEBUG=1",
					"$(inherited)",
				);
				GCC_WARN_64_TO_32_BIT_CONVERSION = YES;
				GCC_WARN_ABOUT_RETURN_TYPE = YES_ERROR;
				GCC_WARN_UNDECLARED_SELECTOR = YES;
				GCC_WARN_UNINITIALIZED_AUTOS = YES_AGGRESSIVE;
				GCC_WARN_UNUSED_FUNCTION = YES;
				GCC_WARN_UNUSED_VARIABLE = YES;
				IPHONEOS_DEPLOYMENT_TARGET = 9.3;
				MTL_ENABLE_DEBUG_INFO = YES;
				ONLY_ACTIVE_ARCH = YES;
				SDKROOT = iphoneos;
			};
			name = Debug;
		};
		B80917431CBCF00F00A70D95 /* Release */ = {
			isa = XCBuildConfiguration;
			buildSettings = {
				ALWAYS_SEARCH_USER_PATHS = NO;
				CLANG_ANALYZER_NONNULL = YES;
				CLANG_CXX_LANGUAGE_STANDARD = "gnu++0x";
				CLANG_CXX_LIBRARY = "libc++";
				CLANG_ENABLE_MODULES = YES;
				CLANG_ENABLE_OBJC_ARC = YES;
				CLANG_WARN_BOOL_CONVERSION = YES;
				CLANG_WARN_CONSTANT_CONVERSION = YES;
				CLANG_WARN_DIRECT_OBJC_ISA_USAGE = YES_ERROR;
				CLANG_WARN_EMPTY_BODY = YES;
				CLANG_WARN_ENUM_CONVERSION = YES;
				CLANG_WARN_INT_CONVERSION = YES;
				CLANG_WARN_OBJC_ROOT_CLASS = YES_ERROR;
				CLANG_WARN_UNREACHABLE_CODE = YES;
				CLANG_WARN__DUPLICATE_METHOD_MATCH = YES;
				"CODE_SIGN_IDENTITY[sdk=iphoneos*]" = "iPhone Developer";
				COPY_PHASE_STRIP = NO;
				DEBUG_INFORMATION_FORMAT = "dwarf-with-dsym";
				ENABLE_NS_ASSERTIONS = NO;
				ENABLE_STRICT_OBJC_MSGSEND = YES;
				GCC_C_LANGUAGE_STANDARD = gnu99;
				GCC_NO_COMMON_BLOCKS = YES;
				GCC_WARN_64_TO_32_BIT_CONVERSION = YES;
				GCC_WARN_ABOUT_RETURN_TYPE = YES_ERROR;
				GCC_WARN_UNDECLARED_SELECTOR = YES;
				GCC_WARN_UNINITIALIZED_AUTOS = YES_AGGRESSIVE;
				GCC_WARN_UNUSED_FUNCTION = YES;
				GCC_WARN_UNUSED_VARIABLE = YES;
				IPHONEOS_DEPLOYMENT_TARGET = 9.3;
				MTL_ENABLE_DEBUG_INFO = NO;
				SDKROOT = iphoneos;
				VALIDATE_PRODUCT = YES;
			};
			name = Release;
		};
		B80917451CBCF00F00A70D95 /* Debug */ = {
			isa = XCBuildConfiguration;
			buildSettings = {
				ASSETCATALOG_COMPILER_APPICON_NAME = AppIcon;
				INFOPLIST_FILE = OW_StatusBarHUDExcenple/Info.plist;
				LD_RUNPATH_SEARCH_PATHS = "$(inherited) @executable_path/Frameworks";
				PRODUCT_BUNDLE_IDENTIFIER = "Oldwang.OW-StatusBarHUDExcenple";
				PRODUCT_NAME = "$(TARGET_NAME)";
			};
			name = Debug;
		};
		B80917461CBCF00F00A70D95 /* Release */ = {
			isa = XCBuildConfiguration;
			buildSettings = {
				ASSETCATALOG_COMPILER_APPICON_NAME = AppIcon;
				INFOPLIST_FILE = OW_StatusBarHUDExcenple/Info.plist;
				LD_RUNPATH_SEARCH_PATHS = "$(inherited) @executable_path/Frameworks";
				PRODUCT_BUNDLE_IDENTIFIER = "Oldwang.OW-StatusBarHUDExcenple";
				PRODUCT_NAME = "$(TARGET_NAME)";
			};
			name = Release;
		};
		B80917481CBCF00F00A70D95 /* Debug */ = {
			isa = XCBuildConfiguration;
			buildSettings = {
				BUNDLE_LOADER = "$(TEST_HOST)";
				INFOPLIST_FILE = OW_StatusBarHUDExcenpleTests/Info.plist;
				LD_RUNPATH_SEARCH_PATHS = "$(inherited) @executable_path/Frameworks @loader_path/Frameworks";
				PRODUCT_BUNDLE_IDENTIFIER = "Oldwang.OW-StatusBarHUDExcenpleTests";
				PRODUCT_NAME = "$(TARGET_NAME)";
				TEST_HOST = "$(BUILT_PRODUCTS_DIR)/OW_StatusBarHUDExcenple.app/OW_StatusBarHUDExcenple";
			};
			name = Debug;
		};
		B80917491CBCF00F00A70D95 /* Release */ = {
			isa = XCBuildConfiguration;
			buildSettings = {
				BUNDLE_LOADER = "$(TEST_HOST)";
				INFOPLIST_FILE = OW_StatusBarHUDExcenpleTests/Info.plist;
				LD_RUNPATH_SEARCH_PATHS = "$(inherited) @executable_path/Frameworks @loader_path/Frameworks";
				PRODUCT_BUNDLE_IDENTIFIER = "Oldwang.OW-StatusBarHUDExcenpleTests";
				PRODUCT_NAME = "$(TARGET_NAME)";
				TEST_HOST = "$(BUILT_PRODUCTS_DIR)/OW_StatusBarHUDExcenple.app/OW_StatusBarHUDExcenple";
			};
			name = Release;
		};
		B809174B1CBCF00F00A70D95 /* Debug */ = {
			isa = XCBuildConfiguration;
			buildSettings = {
				INFOPLIST_FILE = OW_StatusBarHUDExcenpleUITests/Info.plist;
				LD_RUNPATH_SEARCH_PATHS = "$(inherited) @executable_path/Frameworks @loader_path/Frameworks";
				PRODUCT_BUNDLE_IDENTIFIER = "Oldwang.OW-StatusBarHUDExcenpleUITests";
				PRODUCT_NAME = "$(TARGET_NAME)";
				TEST_TARGET_NAME = OW_StatusBarHUDExcenple;
			};
			name = Debug;
		};
		B809174C1CBCF00F00A70D95 /* Release */ = {
			isa = XCBuildConfiguration;
			buildSettings = {
				INFOPLIST_FILE = OW_StatusBarHUDExcenpleUITests/Info.plist;
				LD_RUNPATH_SEARCH_PATHS = "$(inherited) @executable_path/Frameworks @loader_path/Frameworks";
				PRODUCT_BUNDLE_IDENTIFIER = "Oldwang.OW-StatusBarHUDExcenpleUITests";
				PRODUCT_NAME = "$(TARGET_NAME)";
				TEST_TARGET_NAME = OW_StatusBarHUDExcenple;
			};
			name = Release;
		};
/* End XCBuildConfiguration section */

/* Begin XCConfigurationList section */
		B80917121CBCF00E00A70D95 /* Build configuration list for PBXProject "OW_StatusBarHUDExcenple" */ = {
			isa = XCConfigurationList;
			buildConfigurations = (
				B80917421CBCF00F00A70D95 /* Debug */,
				B80917431CBCF00F00A70D95 /* Release */,
			);
			defaultConfigurationIsVisible = 0;
			defaultConfigurationName = Release;
		};
		B80917441CBCF00F00A70D95 /* Build configuration list for PBXNativeTarget "OW_StatusBarHUDExcenple" */ = {
			isa = XCConfigurationList;
			buildConfigurations = (
				B80917451CBCF00F00A70D95 /* Debug */,
				B80917461CBCF00F00A70D95 /* Release */,
			);
			defaultConfigurationIsVisible = 0;
			defaultConfigurationName = Release;
		};
		B80917471CBCF00F00A70D95 /* Build configuration list for PBXNativeTarget "OW_StatusBarHUDExcenpleTests" */ = {
			isa = XCConfigurationList;
			buildConfigurations = (
				B80917481CBCF00F00A70D95 /* Debug */,
				B80917491CBCF00F00A70D95 /* Release */,
			);
			defaultConfigurationIsVisible = 0;
			defaultConfigurationName = Release;
		};
		B809174A1CBCF00F00A70D95 /* Build configuration list for PBXNativeTarget "OW_StatusBarHUDExcenpleUITests" */ = {
			isa = XCConfigurationList;
			buildConfigurations = (
				B809174B1CBCF00F00A70D95 /* Debug */,
				B809174C1CBCF00F00A70D95 /* Release */,
			);
			defaultConfigurationIsVisible = 0;
			defaultConfigurationName = Release;
		};
/* End XCConfigurationList section */
	};
	rootObject = B809170F1CBCF00E00A70D95 /* Project object */;
}
